
Microsoft Visual Studio Solution File, Format Version 12.00
# Visual Studio Version 17
VisualStudioVersion = 17.0.32126.317
MinimumVisualStudioVersion = 10.0.40219.1
Project("{FAE04EC0-301F-11D3-BF4B-00C04F79EFBC}") = "Object2QueryString", "Object2QueryString.csproj", "{D25A7F6C-BB1E-48D5-BEAB-D53F47F7BE57}"
EndProject
Global
	GlobalSection(SolutionConfigurationPlatforms) = preSolution
		Debug|Any CPU = Debug|Any CPU
		Release|Any CPU = Release|Any CPU
	EndGlobalSection
	GlobalSection(ProjectConfigurationPlatforms) = postSolution
		{D25A7F6C-BB1E-48D5-BEAB-D53F47F7BE57}.Debug|Any CPU.ActiveCfg = Debug|Any CPU
		{D25A7F6C-BB1E-48D5-BEAB-D53F47F7BE57}.Debug|Any CPU.Build.0 = Debug|Any CPU
		{D25A7F6C-BB1E-48D5-BEAB-D53F47F7BE57}.Release|Any CPU.ActiveCfg = Release|Any CPU
		{D25A7F6C-BB1E-48D5-BEAB-D53F47F7BE57}.Release|Any CPU.Build.0 = Release|Any CPU
	EndGlobalSection
	GlobalSection(SolutionProperties) = preSolution
		HideSolutionNode = FALSE
	EndGlobalSection
	GlobalSection(ExtensibilityGlobals) = postSolution
		SolutionGuid = {0FD7C383-F919-4113-8C02-CB6512028408}
	EndGlobalSection
EndGlobal
